<?xml version="1.0" encoding="utf-8"?>
<Project ToolsVersion="4.0" xmlns="http://schemas.microsoft.com/developer/msbuild/2003">
  <ItemGroup>
    <ClCompile Include="stdafx.cpp" />
    <ClCompile Include="PluginEntry.cpp" />
    <ClCompile Include="TestBoxPlugin.cpp" />
    <ClCompile Include="BehaviourTree.cpp" />
    <ClCompile Include="SteeringBehaviours.cpp" />
    <ClCompile Include="CombinedSB.cpp" />
    <ClCompile Include="HelperStructs.cpp" />
  </ItemGroup>
  <ItemGroup>
    <ClInclude Include="..\_Includes\IBehaviourPlugin.h" />
    <ClInclude Include="stdafx.h" />
    <ClInclude Include="TestBoxPlugin.h" />
    <ClInclude Include="BehaviourTree.h" />
    <ClInclude Include="Blackboard.h" />
    <ClInclude Include="SteeringBehaviours.h" />
    <ClInclude Include="HelperStructs.h" />
    <ClInclude Include="Behaviours.h" />
    <ClInclude Include="CombinedSB.h" />
  </ItemGroup>
</Project>